
Microsoft Visual Studio Solution File, Format Version 12.00
# Visual Studio Version 17
VisualStudioVersion = 17.11.35222.181
MinimumVisualStudioVersion = 10.0.40219.1
Project("{FAE04EC0-301F-11D3-BF4B-00C04F79EFBC}") = "ArmstrongNumber", "ArmstrongNumber\ArmstrongNumber.csproj", "{5C5C5F7F-5129-4EAA-8112-0095BB8A8B70}"
EndProject
Global
	GlobalSection(SolutionConfigurationPlatforms) = preSolution
		Debug|Any CPU = Debug|Any CPU
		Release|Any CPU = Release|Any CPU
	EndGlobalSection
	GlobalSection(ProjectConfigurationPlatforms) = postSolution
		{5C5C5F7F-5129-4EAA-8112-0095BB8A8B70}.Debug|Any CPU.ActiveCfg = Debug|Any CPU
		{5C5C5F7F-5129-4EAA-8112-0095BB8A8B70}.Debug|Any CPU.Build.0 = Debug|Any CPU
		{5C5C5F7F-5129-4EAA-8112-0095BB8A8B70}.Release|Any CPU.ActiveCfg = Release|Any CPU
		{5C5C5F7F-5129-4EAA-8112-0095BB8A8B70}.Release|Any CPU.Build.0 = Release|Any CPU
	EndGlobalSection
	GlobalSection(SolutionProperties) = preSolution
		HideSolutionNode = FALSE
	EndGlobalSection
	GlobalSection(ExtensibilityGlobals) = postSolution
		SolutionGuid = {7F992B0F-297E-492F-93AB-C6BCD276B698}
	EndGlobalSection
EndGlobal
